<?xml version="1.0" encoding="utf-8"?>
<Project ToolsVersion="4.0" xmlns="http://schemas.microsoft.com/developer/msbuild/2003">
  <ItemGroup>
    <Filter Include="Resource Files">
      <UniqueIdentifier>{e30d425c-6bd4-483e-b26d-049d97ddc5db}</UniqueIdentifier>
    </Filter>
    <Filter Include="Header Files">
      <UniqueIdentifier>{3f090ee2-d790-49d2-a043-aba2bde4fa42}</UniqueIdentifier>
      <Extensions>.h</Extensions>
    </Filter>
    <Filter Include="Source Files">
      <UniqueIdentifier>{29668417-d8d3-4332-8884-fd25ca2e3f47}</UniqueIdentifier>
    </Filter>
    <Filter Include="amaze">
      <UniqueIdentifier>{b23514d3-ee3d-4e8e-8c6c-e7af22a1cb31}</UniqueIdentifier>
    </Filter>
    <Filter Include="amaze\rtengine">
      <UniqueIdentifier>{4a065be5-bff7-4b14-aa8a-51ec66ff92c2}</UniqueIdentifier>
    </Filter>
  </ItemGroup>
  <ItemGroup>
    <Image Include="..\..\src\win\OpenEXR_banner.bmp">
      <Filter>Resource Files</Filter>
    </Image>
  </ItemGroup>
  <ItemGroup>
    <ResourceCompile Include="..\..\src\win\RawDNG_Import_Dialog.rc" />
  </ItemGroup>
  <ItemGroup>
    <ClInclude Include="..\..\ext\Premiere Pro CS6 r2 Win SDK\Examples\Headers\PrSDKAlphaTypes.h">
      <Filter>Header Files</Filter>
    </ClInclude>
    <ClInclude Include="..\..\ext\Premiere Pro CS6 r2 Win SDK\Examples\Headers\PrSDKAsyncImporter.h">
      <Filter>Header Files</Filter>
    </ClInclude>
    <ClInclude Include="..\..\ext\Premiere Pro CS6 r2 Win SDK\Examples\Headers\PrSDKAudioSuite.h">
      <Filter>Header Files</Filter>
    </ClInclude>
    <ClInclude Include="..\..\ext\Premiere Pro CS6 r2 Win SDK\Examples\Headers\PrSDKClassData.h">
      <Filter>Header Files</Filter>
    </ClInclude>
    <ClInclude Include="..\..\ext\Premiere Pro CS6 r2 Win SDK\Examples\Headers\PrSDKEntry.h">
      <Filter>Header Files</Filter>
    </ClInclude>
    <ClInclude Include="..\..\ext\Premiere Pro CS6 r2 Win SDK\Examples\Headers\PrSDKImport.h">
      <Filter>Header Files</Filter>
    </ClInclude>
    <ClInclude Include="..\..\ext\Premiere Pro CS6 r2 Win SDK\Examples\Headers\PrSDKImporterShared.h">
      <Filter>Header Files</Filter>
    </ClInclude>
    <ClInclude Include="..\..\ext\Premiere Pro CS6 r2 Win SDK\Examples\Headers\PrSDKMALErrors.h">
      <Filter>Header Files</Filter>
    </ClInclude>
    <ClInclude Include="..\..\ext\Premiere Pro CS6 r2 Win SDK\Examples\Headers\PrSDKPixelFormat.h">
      <Filter>Header Files</Filter>
    </ClInclude>
    <ClInclude Include="..\..\ext\Premiere Pro CS6 r2 Win SDK\Examples\Headers\PrSDKPlugMemory.h">
      <Filter>Header Files</Filter>
    </ClInclude>
    <ClInclude Include="..\..\ext\Premiere Pro CS6 r2 Win SDK\Examples\Headers\PrSDKPlugPPix.h">
      <Filter>Header Files</Filter>
    </ClInclude>
    <ClInclude Include="..\..\ext\Premiere Pro CS6 r2 Win SDK\Examples\Headers\PrSDKPlugSuites.h">
      <Filter>Header Files</Filter>
    </ClInclude>
    <ClInclude Include="..\..\ext\Premiere Pro CS6 r2 Win SDK\Examples\Headers\PrSDKPlugUtilities.h">
      <Filter>Header Files</Filter>
    </ClInclude>
    <ClInclude Include="..\..\ext\Premiere Pro CS6 r2 Win SDK\Examples\Headers\PrSDKPlugWindow.h">
      <Filter>Header Files</Filter>
    </ClInclude>
    <ClInclude Include="..\..\ext\Premiere Pro CS6 r2 Win SDK\Examples\Headers\PrSDKPPixCacheSuite.h">
      <Filter>Header Files</Filter>
    </ClInclude>
    <ClInclude Include="..\..\ext\Premiere Pro CS6 r2 Win SDK\Examples\Headers\PrSDKPPixCreatorSuite.h">
      <Filter>Header Files</Filter>
    </ClInclude>
    <ClInclude Include="..\..\ext\Premiere Pro CS6 r2 Win SDK\Examples\Headers\PrSDKTimeSuite.h">
      <Filter>Header Files</Filter>
    </ClInclude>
    <ClInclude Include="..\..\ext\Premiere Pro CS6 r2 Win SDK\Examples\Headers\PrSDKTypes.h">
      <Filter>Header Files</Filter>
    </ClInclude>
    <ClInclude Include="..\..\ext\Premiere Pro CS6 r2 Win SDK\Examples\Headers\SPBasic.h">
      <Filter>Header Files</Filter>
    </ClInclude>
    <ClInclude Include="..\..\ext\Premiere Pro CS6 r2 Win SDK\Examples\Headers\SPConfig.h">
      <Filter>Header Files</Filter>
    </ClInclude>
    <ClInclude Include="..\..\ext\Premiere Pro CS6 r2 Win SDK\Examples\Headers\SPErrorCodes.h">
      <Filter>Header Files</Filter>
    </ClInclude>
    <ClInclude Include="..\..\ext\Premiere Pro CS6 r2 Win SDK\Examples\Headers\SPTypes.h">
      <Filter>Header Files</Filter>
    </ClInclude>
    <ClInclude Include="..\..\src\RawDNG_Premiere_Dialogs.h" />
    <ClInclude Include="..\..\src\RawDNG_Premiere_Import.h" />
    <ClInclude Include="..\..\src\RawDNG_UTF.h" />
    <ClInclude Include="..\..\src\rawspeedconfig.h" />
    <ClInclude Include="..\..\src\amaze\rtengine\array2D.h">
      <Filter>amaze\rtengine</Filter>
    </ClInclude>
    <ClInclude Include="..\..\src\amaze\rtengine\median.h">
      <Filter>amaze\rtengine</Filter>
    </ClInclude>
    <ClInclude Include="..\..\src\amaze\rtengine\opthelper.h">
      <Filter>amaze\rtengine</Filter>
    </ClInclude>
    <ClInclude Include="..\..\src\amaze\rtengine\rt_math.h">
      <Filter>amaze\rtengine</Filter>
    </ClInclude>
    <ClInclude Include="..\..\src\amaze\rtengine\sleef.h">
      <Filter>amaze\rtengine</Filter>
    </ClInclude>
    <ClInclude Include="..\..\src\amaze\rtengine\sleefsseavx.h">
      <Filter>amaze\rtengine</Filter>
    </ClInclude>
    <ClInclude Include="..\..\src\amaze\rtengine\StopWatch.h">
      <Filter>amaze\rtengine</Filter>
    </ClInclude>
    <ClInclude Include="..\..\src\amaze\rtengine\noncopyable.h">
      <Filter>amaze\rtengine</Filter>
    </ClInclude>
    <ClInclude Include="..\..\src\amaze\rtengine\mytime.h">
      <Filter>amaze\rtengine</Filter>
    </ClInclude>
    <ClInclude Include="..\..\src\amaze\rtengine\helperavx.h">
      <Filter>amaze\rtengine</Filter>
    </ClInclude>
    <ClInclude Include="..\..\src\amaze\rtengine\helpersse2.h">
      <Filter>amaze\rtengine</Filter>
    </ClInclude>
    <ClInclude Include="..\..\src\amaze\rtengine\amaze_demosaic_RT.h">
      <Filter>amaze\rtengine</Filter>
    </ClInclude>
    <ClInclude Include="..\..\src\amaze\rtengine\LUT.h">
      <Filter>amaze\rtengine</Filter>
    </ClInclude>
    <ClInclude Include="..\..\src\common.h" />
  </ItemGroup>
  <ItemGroup>
    <ClCompile Include="..\..\src\RawDNG_Premiere_Import.cpp" />
    <ClCompile Include="..\..\src\win\RawDNG_Premiere_Dialogs_Win.cpp" />
    <ClCompile Include="..\..\src\RawDNG_UTF.cpp" />
    <ClCompile Include="..\..\src\amaze\rtengine\amaze_demosaic_RT.cc">
      <Filter>amaze\rtengine</Filter>
    </ClCompile>
  </ItemGroup>
</Project>